
Microsoft Visual Studio Solution File, Format Version 12.00
# Visual Studio 15
VisualStudioVersion = 15.0.27004.2006
MinimumVisualStudioVersion = 10.0.40219.1
Project("{9A19103F-16F7-4668-BE54-9A1E7A4F7556}") = "Yggdrasil", "Yggdrasil\Yggdrasil.csproj", "{4BB8DF19-7D20-429A-AF5F-5D1232538E08}"
EndProject
Project("{FAE04EC0-301F-11D3-BF4B-00C04F79EFBC}") = "Yggdrasil.Test", "Yggdrasil.Test\Yggdrasil.Test.csproj", "{F3325FCA-7533-49C4-9243-8EAA92C8AFBF}"
EndProject
Project("{FAE04EC0-301F-11D3-BF4B-00C04F79EFBC}") = "Yggdrasil.Ai", "Yggdrasil.Ai\Yggdrasil.Ai.csproj", "{EEFDA46B-1503-4381-B1F5-40805549A925}"
EndProject
Project("{FAE04EC0-301F-11D3-BF4B-00C04F79EFBC}") = "Yggdrasil.Structures", "Yggdrasil.Structures\Yggdrasil.Structures.csproj", "{D82C3CEB-CE11-4340-AC10-9D95D9977203}"
EndProject
Project("{FAE04EC0-301F-11D3-BF4B-00C04F79EFBC}") = "Yggdrasil.Data", "Yggdrasil.Data\Yggdrasil.Data.csproj", "{EB1F3E6E-C578-4C29-8A26-7B77434B5861}"
EndProject
Project("{FAE04EC0-301F-11D3-BF4B-00C04F79EFBC}") = "Yggdrasil.Data.JSON", "Yggdrasil.Data.JSON\Yggdrasil.Data.JSON.csproj", "{BD1C2BA1-E280-4FE3-B1C1-EFFC4779563E}"
EndProject
Project("{FAE04EC0-301F-11D3-BF4B-00C04F79EFBC}") = "Yggdrasil.Network.WebSocket", "Yggdrasil.Network.WebSocket\Yggdrasil.Network.WebSocket.csproj", "{337EF6CB-4B91-4F2C-9893-D0F77E9FAC4C}"
EndProject
Project("{FAE04EC0-301F-11D3-BF4B-00C04F79EFBC}") = "Yggdrasil.Scripting", "Yggdrasil.Scripting\Yggdrasil.Scripting.csproj", "{F7007FE7-566D-45F3-A69B-4620A0232EF7}"
EndProject
Global
	GlobalSection(SolutionConfigurationPlatforms) = preSolution
		Debug|Any CPU = Debug|Any CPU
		Release|Any CPU = Release|Any CPU
	EndGlobalSection
	GlobalSection(ProjectConfigurationPlatforms) = postSolution
		{4BB8DF19-7D20-429A-AF5F-5D1232538E08}.Debug|Any CPU.ActiveCfg = Debug|Any CPU
		{4BB8DF19-7D20-429A-AF5F-5D1232538E08}.Debug|Any CPU.Build.0 = Debug|Any CPU
		{4BB8DF19-7D20-429A-AF5F-5D1232538E08}.Release|Any CPU.ActiveCfg = Release|Any CPU
		{4BB8DF19-7D20-429A-AF5F-5D1232538E08}.Release|Any CPU.Build.0 = Release|Any CPU
		{F3325FCA-7533-49C4-9243-8EAA92C8AFBF}.Debug|Any CPU.ActiveCfg = Debug|Any CPU
		{F3325FCA-7533-49C4-9243-8EAA92C8AFBF}.Debug|Any CPU.Build.0 = Debug|Any CPU
		{F3325FCA-7533-49C4-9243-8EAA92C8AFBF}.Release|Any CPU.ActiveCfg = Release|Any CPU
		{F3325FCA-7533-49C4-9243-8EAA92C8AFBF}.Release|Any CPU.Build.0 = Release|Any CPU
		{EEFDA46B-1503-4381-B1F5-40805549A925}.Debug|Any CPU.ActiveCfg = Debug|Any CPU
		{EEFDA46B-1503-4381-B1F5-40805549A925}.Debug|Any CPU.Build.0 = Debug|Any CPU
		{EEFDA46B-1503-4381-B1F5-40805549A925}.Release|Any CPU.ActiveCfg = Release|Any CPU
		{EEFDA46B-1503-4381-B1F5-40805549A925}.Release|Any CPU.Build.0 = Release|Any CPU
		{D82C3CEB-CE11-4340-AC10-9D95D9977203}.Debug|Any CPU.ActiveCfg = Debug|Any CPU
		{D82C3CEB-CE11-4340-AC10-9D95D9977203}.Debug|Any CPU.Build.0 = Debug|Any CPU
		{D82C3CEB-CE11-4340-AC10-9D95D9977203}.Release|Any CPU.ActiveCfg = Release|Any CPU
		{D82C3CEB-CE11-4340-AC10-9D95D9977203}.Release|Any CPU.Build.0 = Release|Any CPU
		{EB1F3E6E-C578-4C29-8A26-7B77434B5861}.Debug|Any CPU.ActiveCfg = Debug|Any CPU
		{EB1F3E6E-C578-4C29-8A26-7B77434B5861}.Debug|Any CPU.Build.0 = Debug|Any CPU
		{EB1F3E6E-C578-4C29-8A26-7B77434B5861}.Release|Any CPU.ActiveCfg = Release|Any CPU
		{EB1F3E6E-C578-4C29-8A26-7B77434B5861}.Release|Any CPU.Build.0 = Release|Any CPU
		{BD1C2BA1-E280-4FE3-B1C1-EFFC4779563E}.Debug|Any CPU.ActiveCfg = Debug|Any CPU
		{BD1C2BA1-E280-4FE3-B1C1-EFFC4779563E}.Debug|Any CPU.Build.0 = Debug|Any CPU
		{BD1C2BA1-E280-4FE3-B1C1-EFFC4779563E}.Release|Any CPU.ActiveCfg = Release|Any CPU
		{BD1C2BA1-E280-4FE3-B1C1-EFFC4779563E}.Release|Any CPU.Build.0 = Release|Any CPU
		{337EF6CB-4B91-4F2C-9893-D0F77E9FAC4C}.Debug|Any CPU.ActiveCfg = Debug|Any CPU
		{337EF6CB-4B91-4F2C-9893-D0F77E9FAC4C}.Debug|Any CPU.Build.0 = Debug|Any CPU
		{337EF6CB-4B91-4F2C-9893-D0F77E9FAC4C}.Release|Any CPU.ActiveCfg = Release|Any CPU
		{337EF6CB-4B91-4F2C-9893-D0F77E9FAC4C}.Release|Any CPU.Build.0 = Release|Any CPU
		{F7007FE7-566D-45F3-A69B-4620A0232EF7}.Debug|Any CPU.ActiveCfg = Debug|Any CPU
		{F7007FE7-566D-45F3-A69B-4620A0232EF7}.Debug|Any CPU.Build.0 = Debug|Any CPU
		{F7007FE7-566D-45F3-A69B-4620A0232EF7}.Release|Any CPU.ActiveCfg = Release|Any CPU
		{F7007FE7-566D-45F3-A69B-4620A0232EF7}.Release|Any CPU.Build.0 = Release|Any CPU
	EndGlobalSection
	GlobalSection(SolutionProperties) = preSolution
		HideSolutionNode = FALSE
	EndGlobalSection
	GlobalSection(ExtensibilityGlobals) = postSolution
		SolutionGuid = {35F4B29F-7157-4539-8BEC-1B8404CF6963}
	EndGlobalSection
EndGlobal
